# Code generated by scarb DO NOT EDIT.
version = 1

[[package]]
name = "openzeppelin"
version = "0.7.0"
source = "git+https://github.com/OpenZeppelin/cairo-contracts.git?tag=v0.7.0#61a2505fe0c0f19b5de2b3f8dedf421ba2cff657"

[[package]]
name = "yas_core"
version = "0.1.0"

[[package]]
name = "yas_faucet"
version = "0.1.0"
dependencies = [
 "openzeppelin",
 "yas_core",
]

[[package]]
name = "yas_periphery"
version = "0.1.0"
dependencies = [
 "openzeppelin",
 "yas_core",
]
